
Microsoft Visual Studio Solution File, Format Version 12.00
# Visual Studio Version 16
VisualStudioVersion = 16.0.30114.105
MinimumVisualStudioVersion = 10.0.40219.1
Project("{FAE04EC0-301F-11D3-BF4B-00C04F79EFBC}") = "CasoEstudio1", "CasoEstudio1.csproj", "{956F6725-4259-4842-B73F-ED25F99EB8CC}"
EndProject
Global
	GlobalSection(SolutionConfigurationPlatforms) = preSolution
		Debug|Any CPU = Debug|Any CPU
		Release|Any CPU = Release|Any CPU
	EndGlobalSection
	GlobalSection(ProjectConfigurationPlatforms) = postSolution
		{956F6725-4259-4842-B73F-ED25F99EB8CC}.Debug|Any CPU.ActiveCfg = Debug|Any CPU
		{956F6725-4259-4842-B73F-ED25F99EB8CC}.Debug|Any CPU.Build.0 = Debug|Any CPU
		{956F6725-4259-4842-B73F-ED25F99EB8CC}.Release|Any CPU.ActiveCfg = Release|Any CPU
		{956F6725-4259-4842-B73F-ED25F99EB8CC}.Release|Any CPU.Build.0 = Release|Any CPU
	EndGlobalSection
	GlobalSection(SolutionProperties) = preSolution
		HideSolutionNode = FALSE
	EndGlobalSection
	GlobalSection(ExtensibilityGlobals) = postSolution
		SolutionGuid = {104BBA88-1AC2-421D-9F25-066DB684E988}
	EndGlobalSection
EndGlobal
